// !$*UTF8*$!
{
	archiveVersion = 1;
	classes = {
	};
	objectVersion = 56;
	objects = {

/* Begin PBXBuildFile section */
		71D685932AF389D70062BA87 /* TodoList_toyprojectApp.swift in Sources */ = {isa = PBXBuildFile; fileRef = 71D685922AF389D70062BA87 /* TodoList_toyprojectApp.swift */; };
		71D685952AF389D70062BA87 /* ContentView.swift in Sources */ = {isa = PBXBuildFile; fileRef = 71D685942AF389D70062BA87 /* ContentView.swift */; };
		71D685972AF389D90062BA87 /* Assets.xcassets in Resources */ = {isa = PBXBuildFile; fileRef = 71D685962AF389D90062BA87 /* Assets.xcassets */; };
		71D6859A2AF389D90062BA87 /* Preview Assets.xcassets in Resources */ = {isa = PBXBuildFile; fileRef = 71D685992AF389D90062BA87 /* Preview Assets.xcassets */; };
		71D685A92AF390E30062BA87 /* GoalList.swift in Sources */ = {isa = PBXBuildFile; fileRef = 71D685A82AF390E30062BA87 /* GoalList.swift */; };
		71D685AB2AF3950E0062BA87 /* AddGoal.swift in Sources */ = {isa = PBXBuildFile; fileRef = 71D685AA2AF3950E0062BA87 /* AddGoal.swift */; };
		71D685AD2AF396510062BA87 /* InputGoal.swift in Sources */ = {isa = PBXBuildFile; fileRef = 71D685AC2AF396510062BA87 /* InputGoal.swift */; };
		71D685AF2AF3AC7F0062BA87 /* todoList.json in Resources */ = {isa = PBXBuildFile; fileRef = 71D685AE2AF3AC7F0062BA87 /* todoList.json */; };
		71D685B12AF3AC8D0062BA87 /* todoListData.swift in Sources */ = {isa = PBXBuildFile; fileRef = 71D685B02AF3AC8D0062BA87 /* todoListData.swift */; };
		71D685B32AF3ACB90062BA87 /* ToDo.swift in Sources */ = {isa = PBXBuildFile; fileRef = 71D685B22AF3ACB90062BA87 /* ToDo.swift */; };
		71D685B52AF3AF260062BA87 /* GoalRow.swift in Sources */ = {isa = PBXBuildFile; fileRef = 71D685B42AF3AF260062BA87 /* GoalRow.swift */; };
		71D685B72AF3AF2D0062BA87 /* GoalDetail.swift in Sources */ = {isa = PBXBuildFile; fileRef = 71D685B62AF3AF2D0062BA87 /* GoalDetail.swift */; };
/* End PBXBuildFile section */

/* Begin PBXFileReference section */
		71D6858F2AF389D70062BA87 /* TodoList_toyproject.app */ = {isa = PBXFileReference; explicitFileType = wrapper.application; includeInIndex = 0; path = TodoList_toyproject.app; sourceTree = BUILT_PRODUCTS_DIR; };
		71D685922AF389D70062BA87 /* TodoList_toyprojectApp.swift */ = {isa = PBXFileReference; lastKnownFileType = sourcecode.swift; path = TodoList_toyprojectApp.swift; sourceTree = "<group>"; };
		71D685942AF389D70062BA87 /* ContentView.swift */ = {isa = PBXFileReference; lastKnownFileType = sourcecode.swift; path = ContentView.swift; sourceTree = "<group>"; };
		71D685962AF389D90062BA87 /* Assets.xcassets */ = {isa = PBXFileReference; lastKnownFileType = folder.assetcatalog; path = Assets.xcassets; sourceTree = "<group>"; };
		71D685992AF389D90062BA87 /* Preview Assets.xcassets */ = {isa = PBXFileReference; lastKnownFileType = folder.assetcatalog; path = "Preview Assets.xcassets"; sourceTree = "<group>"; };
		71D685A82AF390E30062BA87 /* GoalList.swift */ = {isa = PBXFileReference; lastKnownFileType = sourcecode.swift; path = GoalList.swift; sourceTree = "<group>"; };
		71D685AA2AF3950E0062BA87 /* AddGoal.swift */ = {isa = PBXFileReference; lastKnownFileType = sourcecode.swift; path = AddGoal.swift; sourceTree = "<group>"; };
		71D685AC2AF396510062BA87 /* InputGoal.swift */ = {isa = PBXFileReference; lastKnownFileType = sourcecode.swift; path = InputGoal.swift; sourceTree = "<group>"; };
		71D685AE2AF3AC7F0062BA87 /* todoList.json */ = {isa = PBXFileReference; fileEncoding = 4; lastKnownFileType = text.json; path = todoList.json; sourceTree = "<group>"; };
		71D685B02AF3AC8D0062BA87 /* todoListData.swift */ = {isa = PBXFileReference; fileEncoding = 4; lastKnownFileType = sourcecode.swift; path = todoListData.swift; sourceTree = "<group>"; };
		71D685B22AF3ACB90062BA87 /* ToDo.swift */ = {isa = PBXFileReference; fileEncoding = 4; lastKnownFileType = sourcecode.swift; path = ToDo.swift; sourceTree = "<group>"; };
		71D685B42AF3AF260062BA87 /* GoalRow.swift */ = {isa = PBXFileReference; lastKnownFileType = sourcecode.swift; path = GoalRow.swift; sourceTree = "<group>"; };
		71D685B62AF3AF2D0062BA87 /* GoalDetail.swift */ = {isa = PBXFileReference; lastKnownFileType = sourcecode.swift; path = GoalDetail.swift; sourceTree = "<group>"; };
/* End PBXFileReference section */

/* Begin PBXFrameworksBuildPhase section */
		71D6858C2AF389D70062BA87 /* Frameworks */ = {
			isa = PBXFrameworksBuildPhase;
			buildActionMask = 2147483647;
			files = (
			);
			runOnlyForDeploymentPostprocessing = 0;
		};
/* End PBXFrameworksBuildPhase section */

/* Begin PBXGroup section */
		71D685862AF389D70062BA87 = {
			isa = PBXGroup;
			children = (
				71D685912AF389D70062BA87 /* TodoList_toyproject */,
				71D685902AF389D70062BA87 /* Products */,
			);
			sourceTree = "<group>";
		};
		71D685902AF389D70062BA87 /* Products */ = {
			isa = PBXGroup;
			children = (
				71D6858F2AF389D70062BA87 /* TodoList_toyproject.app */,
			);
			name = Products;
			sourceTree = "<group>";
		};
		71D685912AF389D70062BA87 /* TodoList_toyproject */ = {
			isa = PBXGroup;
			children = (
				71D685942AF389D70062BA87 /* ContentView.swift */,
				71D685B92AF3AF480062BA87 /* Models */,
				71D685B82AF3AF330062BA87 /* Goal */,
				71D685AA2AF3950E0062BA87 /* AddGoal.swift */,
				71D685AC2AF396510062BA87 /* InputGoal.swift */,
				71D685922AF389D70062BA87 /* TodoList_toyprojectApp.swift */,
				71D685962AF389D90062BA87 /* Assets.xcassets */,
				71D685982AF389D90062BA87 /* Preview Content */,
			);
			path = TodoList_toyproject;
			sourceTree = "<group>";
		};
		71D685982AF389D90062BA87 /* Preview Content */ = {
			isa = PBXGroup;
			children = (
				71D685992AF389D90062BA87 /* Preview Assets.xcassets */,
			);
			path = "Preview Content";
			sourceTree = "<group>";
		};
		71D685B82AF3AF330062BA87 /* Goal */ = {
			isa = PBXGroup;
			children = (
				71D685A82AF390E30062BA87 /* GoalList.swift */,
				71D685B42AF3AF260062BA87 /* GoalRow.swift */,
				71D685B62AF3AF2D0062BA87 /* GoalDetail.swift */,
			);
			path = Goal;
			sourceTree = "<group>";
		};
		71D685B92AF3AF480062BA87 /* Models */ = {
			isa = PBXGroup;
			children = (
				71D685B22AF3ACB90062BA87 /* ToDo.swift */,
				71D685B02AF3AC8D0062BA87 /* todoListData.swift */,
				71D685AE2AF3AC7F0062BA87 /* todoList.json */,
			);
			path = Models;
			sourceTree = "<group>";
		};
/* End PBXGroup section */

/* Begin PBXNativeTarget section */
		71D6858E2AF389D70062BA87 /* TodoList_toyproject */ = {
			isa = PBXNativeTarget;
			buildConfigurationList = 71D6859D2AF389D90062BA87 /* Build configuration list for PBXNativeTarget "TodoList_toyproject" */;
			buildPhases = (
				71D6858B2AF389D70062BA87 /* Sources */,
				71D6858C2AF389D70062BA87 /* Frameworks */,
				71D6858D2AF389D70062BA87 /* Resources */,
			);
			buildRules = (
			);
			dependencies = (
			);
			name = TodoList_toyproject;
			productName = TodoList_toyproject;
			productReference = 71D6858F2AF389D70062BA87 /* TodoList_toyproject.app */;
			productType = "com.apple.product-type.application";
		};
/* End PBXNativeTarget section */

/* Begin PBXProject section */
		71D685872AF389D70062BA87 /* Project object */ = {
			isa = PBXProject;
			attributes = {
				BuildIndependentTargetsInParallel = 1;
				LastSwiftUpdateCheck = 1500;
				LastUpgradeCheck = 1500;
				TargetAttributes = {
					71D6858E2AF389D70062BA87 = {
						CreatedOnToolsVersion = 15.0.1;
					};
				};
			};
			buildConfigurationList = 71D6858A2AF389D70062BA87 /* Build configuration list for PBXProject "TodoList_toyproject" */;
			compatibilityVersion = "Xcode 14.0";
			developmentRegion = en;
			hasScannedForEncodings = 0;
			knownRegions = (
				en,
				Base,
			);
			mainGroup = 71D685862AF389D70062BA87;
			productRefGroup = 71D685902AF389D70062BA87 /* Products */;
			projectDirPath = "";
			projectRoot = "";
			targets = (
				71D6858E2AF389D70062BA87 /* TodoList_toyproject */,
			);
		};
/* End PBXProject section */

/* Begin PBXResourcesBuildPhase section */
		71D6858D2AF389D70062BA87 /* Resources */ = {
			isa = PBXResourcesBuildPhase;
			buildActionMask = 2147483647;
			files = (
				71D6859A2AF389D90062BA87 /* Preview Assets.xcassets in Resources */,
				71D685AF2AF3AC7F0062BA87 /* todoList.json in Resources */,
				71D685972AF389D90062BA87 /* Assets.xcassets in Resources */,
			);
			runOnlyForDeploymentPostprocessing = 0;
		};
/* End PBXResourcesBuildPhase section */

/* Begin PBXSourcesBuildPhase section */
		71D6858B2AF389D70062BA87 /* Sources */ = {
			isa = PBXSourcesBuildPhase;
			buildActionMask = 2147483647;
			files = (
				71D685AB2AF3950E0062BA87 /* AddGoal.swift in Sources */,
				71D685AD2AF396510062BA87 /* InputGoal.swift in Sources */,
				71D685B12AF3AC8D0062BA87 /* todoListData.swift in Sources */,
				71D685B72AF3AF2D0062BA87 /* GoalDetail.swift in Sources */,
				71D685B52AF3AF260062BA87 /* GoalRow.swift in Sources */,
				71D685A92AF390E30062BA87 /* GoalList.swift in Sources */,
				71D685952AF389D70062BA87 /* ContentView.swift in Sources */,
				71D685B32AF3ACB90062BA87 /* ToDo.swift in Sources */,
				71D685932AF389D70062BA87 /* TodoList_toyprojectApp.swift in Sources */,
			);
			runOnlyForDeploymentPostprocessing = 0;
		};
/* End PBXSourcesBuildPhase section */

/* Begin XCBuildConfiguration section */
		71D6859B2AF389D90062BA87 /* Debug */ = {
			isa = XCBuildConfiguration;
			buildSettings = {
				ALWAYS_SEARCH_USER_PATHS = NO;
				ASSETCATALOG_COMPILER_GENERATE_SWIFT_ASSET_SYMBOL_EXTENSIONS = YES;
				CLANG_ANALYZER_NONNULL = YES;
				CLANG_ANALYZER_NUMBER_OBJECT_CONVERSION = YES_AGGRESSIVE;
				CLANG_CXX_LANGUAGE_STANDARD = "gnu++20";
				CLANG_ENABLE_MODULES = YES;
				CLANG_ENABLE_OBJC_ARC = YES;
				CLANG_ENABLE_OBJC_WEAK = YES;
				CLANG_WARN_BLOCK_CAPTURE_AUTORELEASING = YES;
				CLANG_WARN_BOOL_CONVERSION = YES;
				CLANG_WARN_COMMA = YES;
				CLANG_WARN_CONSTANT_CONVERSION = YES;
				CLANG_WARN_DEPRECATED_OBJC_IMPLEMENTATIONS = YES;
				CLANG_WARN_DIRECT_OBJC_ISA_USAGE = YES_ERROR;
				CLANG_WARN_DOCUMENTATION_COMMENTS = YES;
				CLANG_WARN_EMPTY_BODY = YES;
				CLANG_WARN_ENUM_CONVERSION = YES;
				CLANG_WARN_INFINITE_RECURSION = YES;
				CLANG_WARN_INT_CONVERSION = YES;
				CLANG_WARN_NON_LITERAL_NULL_CONVERSION = YES;
				CLANG_WARN_OBJC_IMPLICIT_RETAIN_SELF = YES;
				CLANG_WARN_OBJC_LITERAL_CONVERSION = YES;
				CLANG_WARN_OBJC_ROOT_CLASS = YES_ERROR;
				CLANG_WARN_QUOTED_INCLUDE_IN_FRAMEWORK_HEADER = YES;
				CLANG_WARN_RANGE_LOOP_ANALYSIS = YES;
				CLANG_WARN_STRICT_PROTOTYPES = YES;
				CLANG_WARN_SUSPICIOUS_MOVE = YES;
				CLANG_WARN_UNGUARDED_AVAILABILITY = YES_AGGRESSIVE;
				CLANG_WARN_UNREACHABLE_CODE = YES;
				CLANG_WARN__DUPLICATE_METHOD_MATCH = YES;
				COPY_PHASE_STRIP = NO;
				DEBUG_INFORMATION_FORMAT = dwarf;
				ENABLE_STRICT_OBJC_MSGSEND = YES;
				ENABLE_TESTABILITY = YES;
				ENABLE_USER_SCRIPT_SANDBOXING = YES;
				GCC_C_LANGUAGE_STANDARD = gnu17;
				GCC_DYNAMIC_NO_PIC = NO;
				GCC_NO_COMMON_BLOCKS = YES;
				GCC_OPTIMIZATION_LEVEL = 0;
				GCC_PREPROCESSOR_DEFINITIONS = (
					"DEBUG=1",
					"$(inherited)",
				);
				GCC_WARN_64_TO_32_BIT_CONVERSION = YES;
				GCC_WARN_ABOUT_RETURN_TYPE = YES_ERROR;
				GCC_WARN_UNDECLARED_SELECTOR = YES;
				GCC_WARN_UNINITIALIZED_AUTOS = YES_AGGRESSIVE;
				GCC_WARN_UNUSED_FUNCTION = YES;
				GCC_WARN_UNUSED_VARIABLE = YES;
				IPHONEOS_DEPLOYMENT_TARGET = 17.0;
				LOCALIZATION_PREFERS_STRING_CATALOGS = YES;
				MTL_ENABLE_DEBUG_INFO = INCLUDE_SOURCE;
				MTL_FAST_MATH = YES;
				ONLY_ACTIVE_ARCH = YES;
				SDKROOT = iphoneos;
				SWIFT_ACTIVE_COMPILATION_CONDITIONS = "DEBUG $(inherited)";
				SWIFT_OPTIMIZATION_LEVEL = "-Onone";
			};
			name = Debug;
		};
		71D6859C2AF389D90062BA87 /* Release */ = {
			isa = XCBuildConfiguration;
			buildSettings = {
				ALWAYS_SEARCH_USER_PATHS = NO;
				ASSETCATALOG_COMPILER_GENERATE_SWIFT_ASSET_SYMBOL_EXTENSIONS = YES;
				CLANG_ANALYZER_NONNULL = YES;
				CLANG_ANALYZER_NUMBER_OBJECT_CONVERSION = YES_AGGRESSIVE;
				CLANG_CXX_LANGUAGE_STANDARD = "gnu++20";
				CLANG_ENABLE_MODULES = YES;
				CLANG_ENABLE_OBJC_ARC = YES;
				CLANG_ENABLE_OBJC_WEAK = YES;
				CLANG_WARN_BLOCK_CAPTURE_AUTORELEASING = YES;
				CLANG_WARN_BOOL_CONVERSION = YES;
				CLANG_WARN_COMMA = YES;
				CLANG_WARN_CONSTANT_CONVERSION = YES;
				CLANG_WARN_DEPRECATED_OBJC_IMPLEMENTATIONS = YES;
				CLANG_WARN_DIRECT_OBJC_ISA_USAGE = YES_ERROR;
				CLANG_WARN_DOCUMENTATION_COMMENTS = YES;
				CLANG_WARN_EMPTY_BODY = YES;
				CLANG_WARN_ENUM_CONVERSION = YES;
				CLANG_WARN_INFINITE_RECURSION = YES;
				CLANG_WARN_INT_CONVERSION = YES;
				CLANG_WARN_NON_LITERAL_NULL_CONVERSION = YES;
				CLANG_WARN_OBJC_IMPLICIT_RETAIN_SELF = YES;
				CLANG_WARN_OBJC_LITERAL_CONVERSION = YES;
				CLANG_WARN_OBJC_ROOT_CLASS = YES_ERROR;
				CLANG_WARN_QUOTED_INCLUDE_IN_FRAMEWORK_HEADER = YES;
				CLANG_WARN_RANGE_LOOP_ANALYSIS = YES;
				CLANG_WARN_STRICT_PROTOTYPES = YES;
				CLANG_WARN_SUSPICIOUS_MOVE = YES;
				CLANG_WARN_UNGUARDED_AVAILABILITY = YES_AGGRESSIVE;
				CLANG_WARN_UNREACHABLE_CODE = YES;
				CLANG_WARN__DUPLICATE_METHOD_MATCH = YES;
				COPY_PHASE_STRIP = NO;
				DEBUG_INFORMATION_FORMAT = "dwarf-with-dsym";
				ENABLE_NS_ASSERTIONS = NO;
				ENABLE_STRICT_OBJC_MSGSEND = YES;
				ENABLE_USER_SCRIPT_SANDBOXING = YES;
				GCC_C_LANGUAGE_STANDARD = gnu17;
				GCC_NO_COMMON_BLOCKS = YES;
				GCC_WARN_64_TO_32_BIT_CONVERSION = YES;
				GCC_WARN_ABOUT_RETURN_TYPE = YES_ERROR;
				GCC_WARN_UNDECLARED_SELECTOR = YES;
				GCC_WARN_UNINITIALIZED_AUTOS = YES_AGGRESSIVE;
				GCC_WARN_UNUSED_FUNCTION = YES;
				GCC_WARN_UNUSED_VARIABLE = YES;
				IPHONEOS_DEPLOYMENT_TARGET = 17.0;
				LOCALIZATION_PREFERS_STRING_CATALOGS = YES;
				MTL_ENABLE_DEBUG_INFO = NO;
				MTL_FAST_MATH = YES;
				SDKROOT = iphoneos;
				SWIFT_COMPILATION_MODE = wholemodule;
				VALIDATE_PRODUCT = YES;
			};
			name = Release;
		};
		71D6859E2AF389D90062BA87 /* Debug */ = {
			isa = XCBuildConfiguration;
			buildSettings = {
				ASSETCATALOG_COMPILER_APPICON_NAME = AppIcon;
				ASSETCATALOG_COMPILER_GLOBAL_ACCENT_COLOR_NAME = AccentColor;
				CODE_SIGN_STYLE = Automatic;
				CURRENT_PROJECT_VERSION = 1;
				DEVELOPMENT_ASSET_PATHS = "\"TodoList_toyproject/Preview Content\"";
				DEVELOPMENT_TEAM = J3XZ67KDFK;
				ENABLE_PREVIEWS = YES;
				GENERATE_INFOPLIST_FILE = YES;
				INFOPLIST_KEY_UIApplicationSceneManifest_Generation = YES;
				INFOPLIST_KEY_UIApplicationSupportsIndirectInputEvents = YES;
				INFOPLIST_KEY_UILaunchScreen_Generation = YES;
				INFOPLIST_KEY_UISupportedInterfaceOrientations_iPad = "UIInterfaceOrientationPortrait UIInterfaceOrientationPortraitUpsideDown UIInterfaceOrientationLandscapeLeft UIInterfaceOrientationLandscapeRight";
				INFOPLIST_KEY_UISupportedInterfaceOrientations_iPhone = "UIInterfaceOrientationPortrait UIInterfaceOrientationLandscapeLeft UIInterfaceOrientationLandscapeRight";
				LD_RUNPATH_SEARCH_PATHS = (
					"$(inherited)",
					"@executable_path/Frameworks",
				);
				MARKETING_VERSION = 1.0;
				PRODUCT_BUNDLE_IDENTIFIER = "Seonghyeon.TodoList-toyproject";
				PRODUCT_NAME = "$(TARGET_NAME)";
				SWIFT_EMIT_LOC_STRINGS = YES;
				SWIFT_VERSION = 5.0;
				TARGETED_DEVICE_FAMILY = "1,2";
			};
			name = Debug;
		};
		71D6859F2AF389D90062BA87 /* Release */ = {
			isa = XCBuildConfiguration;
			buildSettings = {
				ASSETCATALOG_COMPILER_APPICON_NAME = AppIcon;
				ASSETCATALOG_COMPILER_GLOBAL_ACCENT_COLOR_NAME = AccentColor;
				CODE_SIGN_STYLE = Automatic;
				CURRENT_PROJECT_VERSION = 1;
				DEVELOPMENT_ASSET_PATHS = "\"TodoList_toyproject/Preview Content\"";
				DEVELOPMENT_TEAM = J3XZ67KDFK;
				ENABLE_PREVIEWS = YES;
				GENERATE_INFOPLIST_FILE = YES;
				INFOPLIST_KEY_UIApplicationSceneManifest_Generation = YES;
				INFOPLIST_KEY_UIApplicationSupportsIndirectInputEvents = YES;
				INFOPLIST_KEY_UILaunchScreen_Generation = YES;
				INFOPLIST_KEY_UISupportedInterfaceOrientations_iPad = "UIInterfaceOrientationPortrait UIInterfaceOrientationPortraitUpsideDown UIInterfaceOrientationLandscapeLeft UIInterfaceOrientationLandscapeRight";
				INFOPLIST_KEY_UISupportedInterfaceOrientations_iPhone = "UIInterfaceOrientationPortrait UIInterfaceOrientationLandscapeLeft UIInterfaceOrientationLandscapeRight";
				LD_RUNPATH_SEARCH_PATHS = (
					"$(inherited)",
					"@executable_path/Frameworks",
				);
				MARKETING_VERSION = 1.0;
				PRODUCT_BUNDLE_IDENTIFIER = "Seonghyeon.TodoList-toyproject";
				PRODUCT_NAME = "$(TARGET_NAME)";
				SWIFT_EMIT_LOC_STRINGS = YES;
				SWIFT_VERSION = 5.0;
				TARGETED_DEVICE_FAMILY = "1,2";
			};
			name = Release;
		};
/* End XCBuildConfiguration section */

/* Begin XCConfigurationList section */
		71D6858A2AF389D70062BA87 /* Build configuration list for PBXProject "TodoList_toyproject" */ = {
			isa = XCConfigurationList;
			buildConfigurations = (
				71D6859B2AF389D90062BA87 /* Debug */,
				71D6859C2AF389D90062BA87 /* Release */,
			);
			defaultConfigurationIsVisible = 0;
			defaultConfigurationName = Release;
		};
		71D6859D2AF389D90062BA87 /* Build configuration list for PBXNativeTarget "TodoList_toyproject" */ = {
			isa = XCConfigurationList;
			buildConfigurations = (
				71D6859E2AF389D90062BA87 /* Debug */,
				71D6859F2AF389D90062BA87 /* Release */,
			);
			defaultConfigurationIsVisible = 0;
			defaultConfigurationName = Release;
		};
/* End XCConfigurationList section */
	};
	rootObject = 71D685872AF389D70062BA87 /* Project object */;
}
